// !$*UTF8*$!
{
	archiveVersion = 1;
	classes = {
	};
	objectVersion = 48;
	objects = {

/* Begin PBXBuildFile section */
		F0058E0B1FF5F54B0083F9B3 /* TableViewCell.swift in Sources */ = {isa = PBXBuildFile; fileRef = F0058E0A1FF5F54B0083F9B3 /* TableViewCell.swift */; };
		F04CD54F1FE776700006DE8E /* AppDelegate.swift in Sources */ = {isa = PBXBuildFile; fileRef = F04CD54E1FE776700006DE8E /* AppDelegate.swift */; };
		F04CD5511FE776700006DE8E /* ViewController.swift in Sources */ = {isa = PBXBuildFile; fileRef = F04CD5501FE776700006DE8E /* ViewController.swift */; };
		F04CD5541FE776700006DE8E /* Main.storyboard in Resources */ = {isa = PBXBuildFile; fileRef = F04CD5521FE776700006DE8E /* Main.storyboard */; };
		F04CD5561FE776700006DE8E /* Assets.xcassets in Resources */ = {isa = PBXBuildFile; fileRef = F04CD5551FE776700006DE8E /* Assets.xcassets */; };
		F04CD5591FE776700006DE8E /* LaunchScreen.storyboard in Resources */ = {isa = PBXBuildFile; fileRef = F04CD5571FE776700006DE8E /* LaunchScreen.storyboard */; };
		F0C29B781FE78530002AF1E3 /* ListViewController.swift in Sources */ = {isa = PBXBuildFile; fileRef = F0C29B771FE78530002AF1E3 /* ListViewController.swift */; };
		F0C29B7A1FE78698002AF1E3 /* Activity.swift in Sources */ = {isa = PBXBuildFile; fileRef = F0C29B791FE78698002AF1E3 /* Activity.swift */; };
/* End PBXBuildFile section */

/* Begin PBXFileReference section */
		F0058E0A1FF5F54B0083F9B3 /* TableViewCell.swift */ = {isa = PBXFileReference; lastKnownFileType = sourcecode.swift; name = TableViewCell.swift; path = "To-Do/Model/TableViewCell.swift"; sourceTree = SOURCE_ROOT; };
		F04CD54B1FE776700006DE8E /* To-Do.app */ = {isa = PBXFileReference; explicitFileType = wrapper.application; includeInIndex = 0; path = "To-Do.app"; sourceTree = BUILT_PRODUCTS_DIR; };
		F04CD54E1FE776700006DE8E /* AppDelegate.swift */ = {isa = PBXFileReference; lastKnownFileType = sourcecode.swift; path = AppDelegate.swift; sourceTree = "<group>"; };
		F04CD5501FE776700006DE8E /* ViewController.swift */ = {isa = PBXFileReference; lastKnownFileType = sourcecode.swift; path = ViewController.swift; sourceTree = "<group>"; };
		F04CD5531FE776700006DE8E /* Base */ = {isa = PBXFileReference; lastKnownFileType = file.storyboard; name = Base; path = Base.lproj/Main.storyboard; sourceTree = "<group>"; };
		F04CD5551FE776700006DE8E /* Assets.xcassets */ = {isa = PBXFileReference; lastKnownFileType = folder.assetcatalog; path = Assets.xcassets; sourceTree = "<group>"; };
		F04CD5581FE776700006DE8E /* Base */ = {isa = PBXFileReference; lastKnownFileType = file.storyboard; name = Base; path = Base.lproj/LaunchScreen.storyboard; sourceTree = "<group>"; };
		F04CD55A1FE776700006DE8E /* Info.plist */ = {isa = PBXFileReference; lastKnownFileType = text.plist.xml; path = Info.plist; sourceTree = "<group>"; };
		F0C29B771FE78530002AF1E3 /* ListViewController.swift */ = {isa = PBXFileReference; lastKnownFileType = sourcecode.swift; name = ListViewController.swift; path = "To-Do/Controller/ListViewController.swift"; sourceTree = SOURCE_ROOT; };
		F0C29B791FE78698002AF1E3 /* Activity.swift */ = {isa = PBXFileReference; lastKnownFileType = sourcecode.swift; path = Activity.swift; sourceTree = "<group>"; };
/* End PBXFileReference section */

/* Begin PBXFrameworksBuildPhase section */
		F04CD5481FE776700006DE8E /* Frameworks */ = {
			isa = PBXFrameworksBuildPhase;
			buildActionMask = 2147483647;
			files = (
			);
			runOnlyForDeploymentPostprocessing = 0;
		};
/* End PBXFrameworksBuildPhase section */

/* Begin PBXGroup section */
		F04CD5421FE776700006DE8E = {
			isa = PBXGroup;
			children = (
				F04CD54D1FE776700006DE8E /* To-Do */,
				F04CD54C1FE776700006DE8E /* Products */,
			);
			sourceTree = "<group>";
		};
		F04CD54C1FE776700006DE8E /* Products */ = {
			isa = PBXGroup;
			children = (
				F04CD54B1FE776700006DE8E /* To-Do.app */,
			);
			name = Products;
			sourceTree = "<group>";
		};
		F04CD54D1FE776700006DE8E /* To-Do */ = {
			isa = PBXGroup;
			children = (
				F04CD5601FE776C20006DE8E /* Model */,
				F04CD5611FE776C90006DE8E /* View */,
				F04CD5621FE776CE0006DE8E /* Controller */,
				F04CD55A1FE776700006DE8E /* Info.plist */,
				F04CD5551FE776700006DE8E /* Assets.xcassets */,
				F04CD54E1FE776700006DE8E /* AppDelegate.swift */,
				F04CD5571FE776700006DE8E /* LaunchScreen.storyboard */,
			);
			path = "To-Do";
			sourceTree = "<group>";
		};
		F04CD5601FE776C20006DE8E /* Model */ = {
			isa = PBXGroup;
			children = (
				F0C29B791FE78698002AF1E3 /* Activity.swift */,
				F0058E0A1FF5F54B0083F9B3 /* TableViewCell.swift */,
			);
			path = Model;
			sourceTree = "<group>";
		};
		F04CD5611FE776C90006DE8E /* View */ = {
			isa = PBXGroup;
			children = (
				F04CD5521FE776700006DE8E /* Main.storyboard */,
			);
			path = View;
			sourceTree = "<group>";
		};
		F04CD5621FE776CE0006DE8E /* Controller */ = {
			isa = PBXGroup;
			children = (
				F04CD5501FE776700006DE8E /* ViewController.swift */,
				F0C29B771FE78530002AF1E3 /* ListViewController.swift */,
			);
			path = Controller;
			sourceTree = "<group>";
		};
/* End PBXGroup section */

/* Begin PBXNativeTarget section */
		F04CD54A1FE776700006DE8E /* To-Do */ = {
			isa = PBXNativeTarget;
			buildConfigurationList = F04CD55D1FE776700006DE8E /* Build configuration list for PBXNativeTarget "To-Do" */;
			buildPhases = (
				F04CD5471FE776700006DE8E /* Sources */,
				F04CD5481FE776700006DE8E /* Frameworks */,
				F04CD5491FE776700006DE8E /* Resources */,
			);
			buildRules = (
			);
			dependencies = (
			);
			name = "To-Do";
			productName = "To-Do";
			productReference = F04CD54B1FE776700006DE8E /* To-Do.app */;
			productType = "com.apple.product-type.application";
		};
/* End PBXNativeTarget section */

/* Begin PBXProject section */
		F04CD5431FE776700006DE8E /* Project object */ = {
			isa = PBXProject;
			attributes = {
				LastSwiftUpdateCheck = 0900;
				LastUpgradeCheck = 0900;
				ORGANIZATIONNAME = "Tao Ong";
				TargetAttributes = {
					F04CD54A1FE776700006DE8E = {
						CreatedOnToolsVersion = 9.0;
						ProvisioningStyle = Automatic;
					};
				};
			};
			buildConfigurationList = F04CD5461FE776700006DE8E /* Build configuration list for PBXProject "To-Do" */;
			compatibilityVersion = "Xcode 8.0";
			developmentRegion = en;
			hasScannedForEncodings = 0;
			knownRegions = (
				en,
				Base,
			);
			mainGroup = F04CD5421FE776700006DE8E;
			productRefGroup = F04CD54C1FE776700006DE8E /* Products */;
			projectDirPath = "";
			projectRoot = "";
			targets = (
				F04CD54A1FE776700006DE8E /* To-Do */,
			);
		};
/* End PBXProject section */

/* Begin PBXResourcesBuildPhase section */
		F04CD5491FE776700006DE8E /* Resources */ = {
			isa = PBXResourcesBuildPhase;
			buildActionMask = 2147483647;
			files = (
				F04CD5591FE776700006DE8E /* LaunchScreen.storyboard in Resources */,
				F04CD5561FE776700006DE8E /* Assets.xcassets in Resources */,
				F04CD5541FE776700006DE8E /* Main.storyboard in Resources */,
			);
			runOnlyForDeploymentPostprocessing = 0;
		};
/* End PBXResourcesBuildPhase section */

/* Begin PBXSourcesBuildPhase section */
		F04CD5471FE776700006DE8E /* Sources */ = {
			isa = PBXSourcesBuildPhase;
			buildActionMask = 2147483647;
			files = (
				F0058E0B1FF5F54B0083F9B3 /* TableViewCell.swift in Sources */,
				F04CD5511FE776700006DE8E /* ViewController.swift in Sources */,
				F04CD54F1FE776700006DE8E /* AppDelegate.swift in Sources */,
				F0C29B7A1FE78698002AF1E3 /* Activity.swift in Sources */,
				F0C29B781FE78530002AF1E3 /* ListViewController.swift in Sources */,
			);
			runOnlyForDeploymentPostprocessing = 0;
		};
/* End PBXSourcesBuildPhase section */

/* Begin PBXVariantGroup section */
		F04CD5521FE776700006DE8E /* Main.storyboard */ = {
			isa = PBXVariantGroup;
			children = (
				F04CD5531FE776700006DE8E /* Base */,
			);
			name = Main.storyboard;
			sourceTree = "<group>";
		};
		F04CD5571FE776700006DE8E /* LaunchScreen.storyboard */ = {
			isa = PBXVariantGroup;
			children = (
				F04CD5581FE776700006DE8E /* Base */,
			);
			name = LaunchScreen.storyboard;
			sourceTree = "<group>";
		};
/* End PBXVariantGroup section */

/* Begin XCBuildConfiguration section */
		F04CD55B1FE776700006DE8E /* Debug */ = {
			isa = XCBuildConfiguration;
			buildSettings = {
				ALWAYS_SEARCH_USER_PATHS = NO;
				CLANG_ANALYZER_NONNULL = YES;
				CLANG_ANALYZER_NUMBER_OBJECT_CONVERSION = YES_AGGRESSIVE;
				CLANG_CXX_LANGUAGE_STANDARD = "gnu++14";
				CLANG_CXX_LIBRARY = "libc++";
				CLANG_ENABLE_MODULES = YES;
				CLANG_ENABLE_OBJC_ARC = YES;
				CLANG_WARN_BLOCK_CAPTURE_AUTORELEASING = YES;
				CLANG_WARN_BOOL_CONVERSION = YES;
				CLANG_WARN_COMMA = YES;
				CLANG_WARN_CONSTANT_CONVERSION = YES;
				CLANG_WARN_DIRECT_OBJC_ISA_USAGE = YES_ERROR;
				CLANG_WARN_DOCUMENTATION_COMMENTS = YES;
				CLANG_WARN_EMPTY_BODY = YES;
				CLANG_WARN_ENUM_CONVERSION = YES;
				CLANG_WARN_INFINITE_RECURSION = YES;
				CLANG_WARN_INT_CONVERSION = YES;
				CLANG_WARN_NON_LITERAL_NULL_CONVERSION = YES;
				CLANG_WARN_OBJC_LITERAL_CONVERSION = YES;
				CLANG_WARN_OBJC_ROOT_CLASS = YES_ERROR;
				CLANG_WARN_RANGE_LOOP_ANALYSIS = YES;
				CLANG_WARN_STRICT_PROTOTYPES = YES;
				CLANG_WARN_SUSPICIOUS_MOVE = YES;
				CLANG_WARN_UNGUARDED_AVAILABILITY = YES_AGGRESSIVE;
				CLANG_WARN_UNREACHABLE_CODE = YES;
				CLANG_WARN__DUPLICATE_METHOD_MATCH = YES;
				CODE_SIGN_IDENTITY = "iPhone Developer";
				COPY_PHASE_STRIP = NO;
				DEBUG_INFORMATION_FORMAT = dwarf;
				ENABLE_STRICT_OBJC_MSGSEND = YES;
				ENABLE_TESTABILITY = YES;
				GCC_C_LANGUAGE_STANDARD = gnu11;
				GCC_DYNAMIC_NO_PIC = NO;
				GCC_NO_COMMON_BLOCKS = YES;
				GCC_OPTIMIZATION_LEVEL = 0;
				GCC_PREPROCESSOR_DEFINITIONS = (
					"DEBUG=1",
					"$(inherited)",
				);
				GCC_WARN_64_TO_32_BIT_CONVERSION = YES;
				GCC_WARN_ABOUT_RETURN_TYPE = YES_ERROR;
				GCC_WARN_UNDECLARED_SELECTOR = YES;
				GCC_WARN_UNINITIALIZED_AUTOS = YES_AGGRESSIVE;
				GCC_WARN_UNUSED_FUNCTION = YES;
				GCC_WARN_UNUSED_VARIABLE = YES;
				IPHONEOS_DEPLOYMENT_TARGET = 11.0;
				MTL_ENABLE_DEBUG_INFO = YES;
				ONLY_ACTIVE_ARCH = YES;
				SDKROOT = iphoneos;
				SWIFT_ACTIVE_COMPILATION_CONDITIONS = DEBUG;
				SWIFT_OPTIMIZATION_LEVEL = "-Onone";
			};
			name = Debug;
		};
		F04CD55C1FE776700006DE8E /* Release */ = {
			isa = XCBuildConfiguration;
			buildSettings = {
				ALWAYS_SEARCH_USER_PATHS = NO;
				CLANG_ANALYZER_NONNULL = YES;
				CLANG_ANALYZER_NUMBER_OBJECT_CONVERSION = YES_AGGRESSIVE;
				CLANG_CXX_LANGUAGE_STANDARD = "gnu++14";
				CLANG_CXX_LIBRARY = "libc++";
				CLANG_ENABLE_MODULES = YES;
				CLANG_ENABLE_OBJC_ARC = YES;
				CLANG_WARN_BLOCK_CAPTURE_AUTORELEASING = YES;
				CLANG_WARN_BOOL_CONVERSION = YES;
				CLANG_WARN_COMMA = YES;
				CLANG_WARN_CONSTANT_CONVERSION = YES;
				CLANG_WARN_DIRECT_OBJC_ISA_USAGE = YES_ERROR;
				CLANG_WARN_DOCUMENTATION_COMMENTS = YES;
				CLANG_WARN_EMPTY_BODY = YES;
				CLANG_WARN_ENUM_CONVERSION = YES;
				CLANG_WARN_INFINITE_RECURSION = YES;
				CLANG_WARN_INT_CONVERSION = YES;
				CLANG_WARN_NON_LITERAL_NULL_CONVERSION = YES;
				CLANG_WARN_OBJC_LITERAL_CONVERSION = YES;
				CLANG_WARN_OBJC_ROOT_CLASS = YES_ERROR;
				CLANG_WARN_RANGE_LOOP_ANALYSIS = YES;
				CLANG_WARN_STRICT_PROTOTYPES = YES;
				CLANG_WARN_SUSPICIOUS_MOVE = YES;
				CLANG_WARN_UNGUARDED_AVAILABILITY = YES_AGGRESSIVE;
				CLANG_WARN_UNREACHABLE_CODE = YES;
				CLANG_WARN__DUPLICATE_METHOD_MATCH = YES;
				CODE_SIGN_IDENTITY = "iPhone Developer";
				COPY_PHASE_STRIP = NO;
				DEBUG_INFORMATION_FORMAT = "dwarf-with-dsym";
				ENABLE_NS_ASSERTIONS = NO;
				ENABLE_STRICT_OBJC_MSGSEND = YES;
				GCC_C_LANGUAGE_STANDARD = gnu11;
				GCC_NO_COMMON_BLOCKS = YES;
				GCC_WARN_64_TO_32_BIT_CONVERSION = YES;
				GCC_WARN_ABOUT_RETURN_TYPE = YES_ERROR;
				GCC_WARN_UNDECLARED_SELECTOR = YES;
				GCC_WARN_UNINITIALIZED_AUTOS = YES_AGGRESSIVE;
				GCC_WARN_UNUSED_FUNCTION = YES;
				GCC_WARN_UNUSED_VARIABLE = YES;
				IPHONEOS_DEPLOYMENT_TARGET = 11.0;
				MTL_ENABLE_DEBUG_INFO = NO;
				SDKROOT = iphoneos;
				SWIFT_OPTIMIZATION_LEVEL = "-Owholemodule";
				VALIDATE_PRODUCT = YES;
			};
			name = Release;
		};
		F04CD55E1FE776700006DE8E /* Debug */ = {
			isa = XCBuildConfiguration;
			buildSettings = {
				ASSETCATALOG_COMPILER_APPICON_NAME = AppIcon;
				CODE_SIGN_STYLE = Automatic;
				INFOPLIST_FILE = "To-Do/Info.plist";
				LD_RUNPATH_SEARCH_PATHS = "$(inherited) @executable_path/Frameworks";
				PRODUCT_BUNDLE_IDENTIFIER = "com.taoong.To-Do";
				PRODUCT_NAME = "$(TARGET_NAME)";
				SWIFT_VERSION = 4.0;
				TARGETED_DEVICE_FAMILY = "1,2";
			};
			name = Debug;
		};
		F04CD55F1FE776700006DE8E /* Release */ = {
			isa = XCBuildConfiguration;
			buildSettings = {
				ASSETCATALOG_COMPILER_APPICON_NAME = AppIcon;
				CODE_SIGN_STYLE = Automatic;
				INFOPLIST_FILE = "To-Do/Info.plist";
				LD_RUNPATH_SEARCH_PATHS = "$(inherited) @executable_path/Frameworks";
				PRODUCT_BUNDLE_IDENTIFIER = "com.taoong.To-Do";
				PRODUCT_NAME = "$(TARGET_NAME)";
				SWIFT_VERSION = 4.0;
				TARGETED_DEVICE_FAMILY = "1,2";
			};
			name = Release;
		};
/* End XCBuildConfiguration section */

/* Begin XCConfigurationList section */
		F04CD5461FE776700006DE8E /* Build configuration list for PBXProject "To-Do" */ = {
			isa = XCConfigurationList;
			buildConfigurations = (
				F04CD55B1FE776700006DE8E /* Debug */,
				F04CD55C1FE776700006DE8E /* Release */,
			);
			defaultConfigurationIsVisible = 0;
			defaultConfigurationName = Release;
		};
		F04CD55D1FE776700006DE8E /* Build configuration list for PBXNativeTarget "To-Do" */ = {
			isa = XCConfigurationList;
			buildConfigurations = (
				F04CD55E1FE776700006DE8E /* Debug */,
				F04CD55F1FE776700006DE8E /* Release */,
			);
			defaultConfigurationIsVisible = 0;
			defaultConfigurationName = Release;
		};
/* End XCConfigurationList section */
	};
	rootObject = F04CD5431FE776700006DE8E /* Project object */;
}
